
Microsoft Visual Studio Solution File, Format Version 12.00
# Visual Studio 2012
Project("{F2A71F9B-5D33-465A-A702-920D77279786}") = "Perceptron", "Perceptron\Perceptron.fsproj", "{1D386780-1756-47A2-91B9-B58862679D7A}"
EndProject
Global
	GlobalSection(SolutionConfigurationPlatforms) = preSolution
		Debug|Any CPU = Debug|Any CPU
		Release|Any CPU = Release|Any CPU
	EndGlobalSection
	GlobalSection(ProjectConfigurationPlatforms) = postSolution
		{1D386780-1756-47A2-91B9-B58862679D7A}.Debug|Any CPU.ActiveCfg = Debug|Any CPU
		{1D386780-1756-47A2-91B9-B58862679D7A}.Debug|Any CPU.Build.0 = Debug|Any CPU
		{1D386780-1756-47A2-91B9-B58862679D7A}.Release|Any CPU.ActiveCfg = Release|Any CPU
		{1D386780-1756-47A2-91B9-B58862679D7A}.Release|Any CPU.Build.0 = Release|Any CPU
	EndGlobalSection
	GlobalSection(SolutionProperties) = preSolution
		HideSolutionNode = FALSE
	EndGlobalSection
EndGlobal
